
Microsoft Visual Studio Solution File, Format Version 12.00
# Visual Studio Version 17
VisualStudioVersion = 17.0.32112.339
MinimumVisualStudioVersion = 10.0.40219.1
Project("{FAE04EC0-301F-11D3-BF4B-00C04F79EFBC}") = "WebCap.Api", "WebCap.Api\WebCap.Api.csproj", "{0A9243E0-47AF-4A00-9255-0977817DE61E}"
EndProject
Global
	GlobalSection(SolutionConfigurationPlatforms) = preSolution
		Debug|Any CPU = Debug|Any CPU
		Release|Any CPU = Release|Any CPU
	EndGlobalSection
	GlobalSection(ProjectConfigurationPlatforms) = postSolution
		{0A9243E0-47AF-4A00-9255-0977817DE61E}.Debug|Any CPU.ActiveCfg = Debug|Any CPU
		{0A9243E0-47AF-4A00-9255-0977817DE61E}.Debug|Any CPU.Build.0 = Debug|Any CPU
		{0A9243E0-47AF-4A00-9255-0977817DE61E}.Release|Any CPU.ActiveCfg = Release|Any CPU
		{0A9243E0-47AF-4A00-9255-0977817DE61E}.Release|Any CPU.Build.0 = Release|Any CPU
	EndGlobalSection
	GlobalSection(SolutionProperties) = preSolution
		HideSolutionNode = FALSE
	EndGlobalSection
	GlobalSection(ExtensibilityGlobals) = postSolution
		SolutionGuid = {DB6A0A4D-DF6C-4F22-972A-CE8D6D6ACFB2}
	EndGlobalSection
EndGlobal
